# THIS IS AN AUTOGENERATED FILE. DO NOT EDIT THIS FILE DIRECTLY.
# yarn lockfile v1


uglify-js@^3.14.5:
  version "3.14.5"
  resolved "https://registry.yarnpkg.com/uglify-js/-/uglify-js-3.14.5.tgz#cdabb7d4954231d80cb4a927654c4655e51f4859"
  integrity sha512-qZukoSxOG0urUTvjc2ERMTcAy+BiFh3weWAkeurLwjrCba73poHmG3E36XEjd/JGukMzwTL7uCxZiAexj8ppvQ==
